// !$*UTF8*$!
{
	archiveVersion = 1;
	classes = {
	};
	objectVersion = 56;
	objects = {

/* Begin PBXBuildFile section */
		6AE765442D9E3FD2007654B0 /* DiffusionAppApp.swift in Sources */ = {isa = PBXBuildFile; fileRef = 6AE765432D9E3FD2007654B0 /* DiffusionAppApp.swift */; };
		6AE765482D9E3FD3007654B0 /* Assets.xcassets in Resources */ = {isa = PBXBuildFile; fileRef = 6AE765472D9E3FD3007654B0 /* Assets.xcassets */; };
		6AE7654B2D9E3FD3007654B0 /* Preview Assets.xcassets in Resources */ = {isa = PBXBuildFile; fileRef = 6AE7654A2D9E3FD3007654B0 /* Preview Assets.xcassets */; };
		6AE765552D9E3FD4007654B0 /* DiffusionAppTests.swift in Sources */ = {isa = PBXBuildFile; fileRef = 6AE765542D9E3FD4007654B0 /* DiffusionAppTests.swift */; };
		6AE7655F2D9E3FD4007654B0 /* DiffusionAppUITests.swift in Sources */ = {isa = PBXBuildFile; fileRef = 6AE7655E2D9E3FD4007654B0 /* DiffusionAppUITests.swift */; };
		6AE765612D9E3FD4007654B0 /* DiffusionAppUITestsLaunchTests.swift in Sources */ = {isa = PBXBuildFile; fileRef = 6AE765602D9E3FD4007654B0 /* DiffusionAppUITestsLaunchTests.swift */; };
		6AE7656E2D9E410D007654B0 /* DiffusionImage+iOS.swift in Sources */ = {isa = PBXBuildFile; fileRef = 6AE7656D2D9E410D007654B0 /* DiffusionImage+iOS.swift */; };
		6AE765702D9E4128007654B0 /* Utils_iOS.swift in Sources */ = {isa = PBXBuildFile; fileRef = 6AE7656F2D9E4128007654B0 /* Utils_iOS.swift */; };
		6AE765742D9E4229007654B0 /* Loading.swift in Sources */ = {isa = PBXBuildFile; fileRef = 6AE765712D9E4229007654B0 /* Loading.swift */; };
		6AE765752D9E4229007654B0 /* TextToImage.swift in Sources */ = {isa = PBXBuildFile; fileRef = 6AE765722D9E4229007654B0 /* TextToImage.swift */; };
		6AE765832D9E442A007654B0 /* Pipeline.swift in Sources */ = {isa = PBXBuildFile; fileRef = 6AE765782D9E442A007654B0 /* Pipeline.swift */; };
		6AE765842D9E442A007654B0 /* PipelineLoader.swift in Sources */ = {isa = PBXBuildFile; fileRef = 6AE765792D9E442A007654B0 /* PipelineLoader.swift */; };
		6AE765852D9E442A007654B0 /* PromptTextField.swift in Sources */ = {isa = PBXBuildFile; fileRef = 6AE7657B2D9E442A007654B0 /* PromptTextField.swift */; };
		6AE765862D9E442A007654B0 /* DiffusionImage.swift in Sources */ = {isa = PBXBuildFile; fileRef = 6AE7657D2D9E442A007654B0 /* DiffusionImage.swift */; };
		6AE765872D9E442A007654B0 /* Downloader.swift in Sources */ = {isa = PBXBuildFile; fileRef = 6AE7657E2D9E442A007654B0 /* Downloader.swift */; };
		6AE765882D9E442A007654B0 /* ModelInfo.swift in Sources */ = {isa = PBXBuildFile; fileRef = 6AE7657F2D9E442A007654B0 /* ModelInfo.swift */; };
		6AE765892D9E442A007654B0 /* State.swift in Sources */ = {isa = PBXBuildFile; fileRef = 6AE765802D9E442A007654B0 /* State.swift */; };
		6AE7658A2D9E442A007654B0 /* Utils.swift in Sources */ = {isa = PBXBuildFile; fileRef = 6AE765812D9E442A007654B0 /* Utils.swift */; };
		6AE765912D9E4B47007654B0 /* ZIPFoundation in Frameworks */ = {isa = PBXBuildFile; productRef = 6AE765902D9E4B47007654B0 /* ZIPFoundation */; };
		6AE765962D9E53FD007654B0 /* StableDiffusion in Frameworks */ = {isa = PBXBuildFile; productRef = 6AE765952D9E53FD007654B0 /* StableDiffusion */; };
/* End PBXBuildFile section */

/* Begin PBXContainerItemProxy section */
		6AE765512D9E3FD4007654B0 /* PBXContainerItemProxy */ = {
			isa = PBXContainerItemProxy;
			containerPortal = 6AE765382D9E3FD2007654B0 /* Project object */;
			proxyType = 1;
			remoteGlobalIDString = 6AE7653F2D9E3FD2007654B0;
			remoteInfo = DiffusionApp;
		};
		6AE7655B2D9E3FD4007654B0 /* PBXContainerItemProxy */ = {
			isa = PBXContainerItemProxy;
			containerPortal = 6AE765382D9E3FD2007654B0 /* Project object */;
			proxyType = 1;
			remoteGlobalIDString = 6AE7653F2D9E3FD2007654B0;
			remoteInfo = DiffusionApp;
		};
/* End PBXContainerItemProxy section */

/* Begin PBXFileReference section */
		6AE765402D9E3FD2007654B0 /* DiffusionApp.app */ = {isa = PBXFileReference; explicitFileType = wrapper.application; includeInIndex = 0; path = DiffusionApp.app; sourceTree = BUILT_PRODUCTS_DIR; };
		6AE765432D9E3FD2007654B0 /* DiffusionAppApp.swift */ = {isa = PBXFileReference; lastKnownFileType = sourcecode.swift; path = DiffusionAppApp.swift; sourceTree = "<group>"; };
		6AE765472D9E3FD3007654B0 /* Assets.xcassets */ = {isa = PBXFileReference; lastKnownFileType = folder.assetcatalog; path = Assets.xcassets; sourceTree = "<group>"; };
		6AE7654A2D9E3FD3007654B0 /* Preview Assets.xcassets */ = {isa = PBXFileReference; lastKnownFileType = folder.assetcatalog; path = "Preview Assets.xcassets"; sourceTree = "<group>"; };
		6AE765502D9E3FD4007654B0 /* DiffusionAppTests.xctest */ = {isa = PBXFileReference; explicitFileType = wrapper.cfbundle; includeInIndex = 0; path = DiffusionAppTests.xctest; sourceTree = BUILT_PRODUCTS_DIR; };
		6AE765542D9E3FD4007654B0 /* DiffusionAppTests.swift */ = {isa = PBXFileReference; lastKnownFileType = sourcecode.swift; path = DiffusionAppTests.swift; sourceTree = "<group>"; };
		6AE7655A2D9E3FD4007654B0 /* DiffusionAppUITests.xctest */ = {isa = PBXFileReference; explicitFileType = wrapper.cfbundle; includeInIndex = 0; path = DiffusionAppUITests.xctest; sourceTree = BUILT_PRODUCTS_DIR; };
		6AE7655E2D9E3FD4007654B0 /* DiffusionAppUITests.swift */ = {isa = PBXFileReference; lastKnownFileType = sourcecode.swift; path = DiffusionAppUITests.swift; sourceTree = "<group>"; };
		6AE765602D9E3FD4007654B0 /* DiffusionAppUITestsLaunchTests.swift */ = {isa = PBXFileReference; lastKnownFileType = sourcecode.swift; path = DiffusionAppUITestsLaunchTests.swift; sourceTree = "<group>"; };
		6AE7656D2D9E410D007654B0 /* DiffusionImage+iOS.swift */ = {isa = PBXFileReference; fileEncoding = 4; lastKnownFileType = sourcecode.swift; path = "DiffusionImage+iOS.swift"; sourceTree = "<group>"; };
		6AE7656F2D9E4128007654B0 /* Utils_iOS.swift */ = {isa = PBXFileReference; fileEncoding = 4; lastKnownFileType = sourcecode.swift; path = Utils_iOS.swift; sourceTree = "<group>"; };
		6AE765712D9E4229007654B0 /* Loading.swift */ = {isa = PBXFileReference; fileEncoding = 4; lastKnownFileType = sourcecode.swift; path = Loading.swift; sourceTree = "<group>"; };
		6AE765722D9E4229007654B0 /* TextToImage.swift */ = {isa = PBXFileReference; fileEncoding = 4; lastKnownFileType = sourcecode.swift; path = TextToImage.swift; sourceTree = "<group>"; };
		6AE765782D9E442A007654B0 /* Pipeline.swift */ = {isa = PBXFileReference; fileEncoding = 4; lastKnownFileType = sourcecode.swift; path = Pipeline.swift; sourceTree = "<group>"; };
		6AE765792D9E442A007654B0 /* PipelineLoader.swift */ = {isa = PBXFileReference; fileEncoding = 4; lastKnownFileType = sourcecode.swift; path = PipelineLoader.swift; sourceTree = "<group>"; };
		6AE7657B2D9E442A007654B0 /* PromptTextField.swift */ = {isa = PBXFileReference; fileEncoding = 4; lastKnownFileType = sourcecode.swift; path = PromptTextField.swift; sourceTree = "<group>"; };
		6AE7657D2D9E442A007654B0 /* DiffusionImage.swift */ = {isa = PBXFileReference; fileEncoding = 4; lastKnownFileType = sourcecode.swift; path = DiffusionImage.swift; sourceTree = "<group>"; };
		6AE7657E2D9E442A007654B0 /* Downloader.swift */ = {isa = PBXFileReference; fileEncoding = 4; lastKnownFileType = sourcecode.swift; path = Downloader.swift; sourceTree = "<group>"; };
		6AE7657F2D9E442A007654B0 /* ModelInfo.swift */ = {isa = PBXFileReference; fileEncoding = 4; lastKnownFileType = sourcecode.swift; path = ModelInfo.swift; sourceTree = "<group>"; };
		6AE765802D9E442A007654B0 /* State.swift */ = {isa = PBXFileReference; fileEncoding = 4; lastKnownFileType = sourcecode.swift; path = State.swift; sourceTree = "<group>"; };
		6AE765812D9E442A007654B0 /* Utils.swift */ = {isa = PBXFileReference; fileEncoding = 4; lastKnownFileType = sourcecode.swift; path = Utils.swift; sourceTree = "<group>"; };
		6AE7658B2D9E4601007654B0 /* DiffusionApp.entitlements */ = {isa = PBXFileReference; lastKnownFileType = text.plist.entitlements; path = DiffusionApp.entitlements; sourceTree = "<group>"; };
/* End PBXFileReference section */

/* Begin PBXFrameworksBuildPhase section */
		6AE7653D2D9E3FD2007654B0 /* Frameworks */ = {
			isa = PBXFrameworksBuildPhase;
			buildActionMask = 2147483647;
			files = (
				6AE765912D9E4B47007654B0 /* ZIPFoundation in Frameworks */,
				6AE765962D9E53FD007654B0 /* StableDiffusion in Frameworks */,
			);
			runOnlyForDeploymentPostprocessing = 0;
		};
		6AE7654D2D9E3FD4007654B0 /* Frameworks */ = {
			isa = PBXFrameworksBuildPhase;
			buildActionMask = 2147483647;
			files = (
			);
			runOnlyForDeploymentPostprocessing = 0;
		};
		6AE765572D9E3FD4007654B0 /* Frameworks */ = {
			isa = PBXFrameworksBuildPhase;
			buildActionMask = 2147483647;
			files = (
			);
			runOnlyForDeploymentPostprocessing = 0;
		};
/* End PBXFrameworksBuildPhase section */

/* Begin PBXGroup section */
		6AE765372D9E3FD2007654B0 = {
			isa = PBXGroup;
			children = (
				6AE765822D9E442A007654B0 /* Common */,
				6AE765422D9E3FD2007654B0 /* DiffusionApp */,
				6AE765532D9E3FD4007654B0 /* DiffusionAppTests */,
				6AE7655D2D9E3FD4007654B0 /* DiffusionAppUITests */,
				6AE765412D9E3FD2007654B0 /* Products */,
			);
			sourceTree = "<group>";
		};
		6AE765412D9E3FD2007654B0 /* Products */ = {
			isa = PBXGroup;
			children = (
				6AE765402D9E3FD2007654B0 /* DiffusionApp.app */,
				6AE765502D9E3FD4007654B0 /* DiffusionAppTests.xctest */,
				6AE7655A2D9E3FD4007654B0 /* DiffusionAppUITests.xctest */,
			);
			name = Products;
			sourceTree = "<group>";
		};
		6AE765422D9E3FD2007654B0 /* DiffusionApp */ = {
			isa = PBXGroup;
			children = (
				6AE7658B2D9E4601007654B0 /* DiffusionApp.entitlements */,
				6AE765732D9E4229007654B0 /* Views */,
				6AE765432D9E3FD2007654B0 /* DiffusionAppApp.swift */,
				6AE765472D9E3FD3007654B0 /* Assets.xcassets */,
				6AE765492D9E3FD3007654B0 /* Preview Content */,
				6AE7656D2D9E410D007654B0 /* DiffusionImage+iOS.swift */,
				6AE7656F2D9E4128007654B0 /* Utils_iOS.swift */,
			);
			path = DiffusionApp;
			sourceTree = "<group>";
		};
		6AE765492D9E3FD3007654B0 /* Preview Content */ = {
			isa = PBXGroup;
			children = (
				6AE7654A2D9E3FD3007654B0 /* Preview Assets.xcassets */,
			);
			path = "Preview Content";
			sourceTree = "<group>";
		};
		6AE765532D9E3FD4007654B0 /* DiffusionAppTests */ = {
			isa = PBXGroup;
			children = (
				6AE765542D9E3FD4007654B0 /* DiffusionAppTests.swift */,
			);
			path = DiffusionAppTests;
			sourceTree = "<group>";
		};
		6AE7655D2D9E3FD4007654B0 /* DiffusionAppUITests */ = {
			isa = PBXGroup;
			children = (
				6AE7655E2D9E3FD4007654B0 /* DiffusionAppUITests.swift */,
				6AE765602D9E3FD4007654B0 /* DiffusionAppUITestsLaunchTests.swift */,
			);
			path = DiffusionAppUITests;
			sourceTree = "<group>";
		};
		6AE765732D9E4229007654B0 /* Views */ = {
			isa = PBXGroup;
			children = (
				6AE765712D9E4229007654B0 /* Loading.swift */,
				6AE765722D9E4229007654B0 /* TextToImage.swift */,
			);
			path = Views;
			sourceTree = "<group>";
		};
		6AE7657A2D9E442A007654B0 /* Pipeline */ = {
			isa = PBXGroup;
			children = (
				6AE765782D9E442A007654B0 /* Pipeline.swift */,
				6AE765792D9E442A007654B0 /* PipelineLoader.swift */,
			);
			path = Pipeline;
			sourceTree = "<group>";
		};
		6AE7657C2D9E442A007654B0 /* Views */ = {
			isa = PBXGroup;
			children = (
				6AE7657B2D9E442A007654B0 /* PromptTextField.swift */,
			);
			path = Views;
			sourceTree = "<group>";
		};
		6AE765822D9E442A007654B0 /* Common */ = {
			isa = PBXGroup;
			children = (
				6AE7657A2D9E442A007654B0 /* Pipeline */,
				6AE7657C2D9E442A007654B0 /* Views */,
				6AE7657D2D9E442A007654B0 /* DiffusionImage.swift */,
				6AE7657E2D9E442A007654B0 /* Downloader.swift */,
				6AE7657F2D9E442A007654B0 /* ModelInfo.swift */,
				6AE765802D9E442A007654B0 /* State.swift */,
				6AE765812D9E442A007654B0 /* Utils.swift */,
			);
			name = Common;
			path = DiffusionApp/Common;
			sourceTree = "<group>";
		};
/* End PBXGroup section */

/* Begin PBXNativeTarget section */
		6AE7653F2D9E3FD2007654B0 /* DiffusionApp */ = {
			isa = PBXNativeTarget;
			buildConfigurationList = 6AE765642D9E3FD4007654B0 /* Build configuration list for PBXNativeTarget "DiffusionApp" */;
			buildPhases = (
				6AE7653C2D9E3FD2007654B0 /* Sources */,
				6AE7653D2D9E3FD2007654B0 /* Frameworks */,
				6AE7653E2D9E3FD2007654B0 /* Resources */,
			);
			buildRules = (
			);
			dependencies = (
			);
			name = DiffusionApp;
			packageProductDependencies = (
				6AE765902D9E4B47007654B0 /* ZIPFoundation */,
				6AE765952D9E53FD007654B0 /* StableDiffusion */,
			);
			productName = DiffusionApp;
			productReference = 6AE765402D9E3FD2007654B0 /* DiffusionApp.app */;
			productType = "com.apple.product-type.application";
		};
		6AE7654F2D9E3FD4007654B0 /* DiffusionAppTests */ = {
			isa = PBXNativeTarget;
			buildConfigurationList = 6AE765672D9E3FD4007654B0 /* Build configuration list for PBXNativeTarget "DiffusionAppTests" */;
			buildPhases = (
				6AE7654C2D9E3FD4007654B0 /* Sources */,
				6AE7654D2D9E3FD4007654B0 /* Frameworks */,
				6AE7654E2D9E3FD4007654B0 /* Resources */,
			);
			buildRules = (
			);
			dependencies = (
				6AE765522D9E3FD4007654B0 /* PBXTargetDependency */,
			);
			name = DiffusionAppTests;
			productName = DiffusionAppTests;
			productReference = 6AE765502D9E3FD4007654B0 /* DiffusionAppTests.xctest */;
			productType = "com.apple.product-type.bundle.unit-test";
		};
		6AE765592D9E3FD4007654B0 /* DiffusionAppUITests */ = {
			isa = PBXNativeTarget;
			buildConfigurationList = 6AE7656A2D9E3FD4007654B0 /* Build configuration list for PBXNativeTarget "DiffusionAppUITests" */;
			buildPhases = (
				6AE765562D9E3FD4007654B0 /* Sources */,
				6AE765572D9E3FD4007654B0 /* Frameworks */,
				6AE765582D9E3FD4007654B0 /* Resources */,
			);
			buildRules = (
			);
			dependencies = (
				6AE7655C2D9E3FD4007654B0 /* PBXTargetDependency */,
			);
			name = DiffusionAppUITests;
			productName = DiffusionAppUITests;
			productReference = 6AE7655A2D9E3FD4007654B0 /* DiffusionAppUITests.xctest */;
			productType = "com.apple.product-type.bundle.ui-testing";
		};
/* End PBXNativeTarget section */

/* Begin PBXProject section */
		6AE765382D9E3FD2007654B0 /* Project object */ = {
			isa = PBXProject;
			attributes = {
				BuildIndependentTargetsInParallel = 1;
				LastSwiftUpdateCheck = 1530;
				LastUpgradeCheck = 1530;
				TargetAttributes = {
					6AE7653F2D9E3FD2007654B0 = {
						CreatedOnToolsVersion = 15.3;
					};
					6AE7654F2D9E3FD4007654B0 = {
						CreatedOnToolsVersion = 15.3;
						TestTargetID = 6AE7653F2D9E3FD2007654B0;
					};
					6AE765592D9E3FD4007654B0 = {
						CreatedOnToolsVersion = 15.3;
						TestTargetID = 6AE7653F2D9E3FD2007654B0;
					};
				};
			};
			buildConfigurationList = 6AE7653B2D9E3FD2007654B0 /* Build configuration list for PBXProject "DiffusionApp" */;
			compatibilityVersion = "Xcode 14.0";
			developmentRegion = en;
			hasScannedForEncodings = 0;
			knownRegions = (
				en,
				Base,
			);
			mainGroup = 6AE765372D9E3FD2007654B0;
			packageReferences = (
				6AE7658F2D9E4B47007654B0 /* XCRemoteSwiftPackageReference "ZIPFoundation" */,
				6AE765942D9E53FD007654B0 /* XCRemoteSwiftPackageReference "ml-stable-diffusion" */,
			);
			productRefGroup = 6AE765412D9E3FD2007654B0 /* Products */;
			projectDirPath = "";
			projectRoot = "";
			targets = (
				6AE7653F2D9E3FD2007654B0 /* DiffusionApp */,
				6AE7654F2D9E3FD4007654B0 /* DiffusionAppTests */,
				6AE765592D9E3FD4007654B0 /* DiffusionAppUITests */,
			);
		};
/* End PBXProject section */

/* Begin PBXResourcesBuildPhase section */
		6AE7653E2D9E3FD2007654B0 /* Resources */ = {
			isa = PBXResourcesBuildPhase;
			buildActionMask = 2147483647;
			files = (
				6AE7654B2D9E3FD3007654B0 /* Preview Assets.xcassets in Resources */,
				6AE765482D9E3FD3007654B0 /* Assets.xcassets in Resources */,
			);
			runOnlyForDeploymentPostprocessing = 0;
		};
		6AE7654E2D9E3FD4007654B0 /* Resources */ = {
			isa = PBXResourcesBuildPhase;
			buildActionMask = 2147483647;
			files = (
			);
			runOnlyForDeploymentPostprocessing = 0;
		};
		6AE765582D9E3FD4007654B0 /* Resources */ = {
			isa = PBXResourcesBuildPhase;
			buildActionMask = 2147483647;
			files = (
			);
			runOnlyForDeploymentPostprocessing = 0;
		};
/* End PBXResourcesBuildPhase section */

/* Begin PBXSourcesBuildPhase section */
		6AE7653C2D9E3FD2007654B0 /* Sources */ = {
			isa = PBXSourcesBuildPhase;
			buildActionMask = 2147483647;
			files = (
				6AE765872D9E442A007654B0 /* Downloader.swift in Sources */,
				6AE7656E2D9E410D007654B0 /* DiffusionImage+iOS.swift in Sources */,
				6AE765702D9E4128007654B0 /* Utils_iOS.swift in Sources */,
				6AE765752D9E4229007654B0 /* TextToImage.swift in Sources */,
				6AE765852D9E442A007654B0 /* PromptTextField.swift in Sources */,
				6AE7658A2D9E442A007654B0 /* Utils.swift in Sources */,
				6AE765832D9E442A007654B0 /* Pipeline.swift in Sources */,
				6AE765742D9E4229007654B0 /* Loading.swift in Sources */,
				6AE765882D9E442A007654B0 /* ModelInfo.swift in Sources */,
				6AE765442D9E3FD2007654B0 /* DiffusionAppApp.swift in Sources */,
				6AE765842D9E442A007654B0 /* PipelineLoader.swift in Sources */,
				6AE765862D9E442A007654B0 /* DiffusionImage.swift in Sources */,
				6AE765892D9E442A007654B0 /* State.swift in Sources */,
			);
			runOnlyForDeploymentPostprocessing = 0;
		};
		6AE7654C2D9E3FD4007654B0 /* Sources */ = {
			isa = PBXSourcesBuildPhase;
			buildActionMask = 2147483647;
			files = (
				6AE765552D9E3FD4007654B0 /* DiffusionAppTests.swift in Sources */,
			);
			runOnlyForDeploymentPostprocessing = 0;
		};
		6AE765562D9E3FD4007654B0 /* Sources */ = {
			isa = PBXSourcesBuildPhase;
			buildActionMask = 2147483647;
			files = (
				6AE765612D9E3FD4007654B0 /* DiffusionAppUITestsLaunchTests.swift in Sources */,
				6AE7655F2D9E3FD4007654B0 /* DiffusionAppUITests.swift in Sources */,
			);
			runOnlyForDeploymentPostprocessing = 0;
		};
/* End PBXSourcesBuildPhase section */

/* Begin PBXTargetDependency section */
		6AE765522D9E3FD4007654B0 /* PBXTargetDependency */ = {
			isa = PBXTargetDependency;
			target = 6AE7653F2D9E3FD2007654B0 /* DiffusionApp */;
			targetProxy = 6AE765512D9E3FD4007654B0 /* PBXContainerItemProxy */;
		};
		6AE7655C2D9E3FD4007654B0 /* PBXTargetDependency */ = {
			isa = PBXTargetDependency;
			target = 6AE7653F2D9E3FD2007654B0 /* DiffusionApp */;
			targetProxy = 6AE7655B2D9E3FD4007654B0 /* PBXContainerItemProxy */;
		};
/* End PBXTargetDependency section */

/* Begin XCBuildConfiguration section */
		6AE765622D9E3FD4007654B0 /* Debug */ = {
			isa = XCBuildConfiguration;
			buildSettings = {
				ALWAYS_SEARCH_USER_PATHS = NO;
				ASSETCATALOG_COMPILER_GENERATE_SWIFT_ASSET_SYMBOL_EXTENSIONS = YES;
				CLANG_ANALYZER_NONNULL = YES;
				CLANG_ANALYZER_NUMBER_OBJECT_CONVERSION = YES_AGGRESSIVE;
				CLANG_CXX_LANGUAGE_STANDARD = "gnu++20";
				CLANG_ENABLE_MODULES = YES;
				CLANG_ENABLE_OBJC_ARC = YES;
				CLANG_ENABLE_OBJC_WEAK = YES;
				CLANG_WARN_BLOCK_CAPTURE_AUTORELEASING = YES;
				CLANG_WARN_BOOL_CONVERSION = YES;
				CLANG_WARN_COMMA = YES;
				CLANG_WARN_CONSTANT_CONVERSION = YES;
				CLANG_WARN_DEPRECATED_OBJC_IMPLEMENTATIONS = YES;
				CLANG_WARN_DIRECT_OBJC_ISA_USAGE = YES_ERROR;
				CLANG_WARN_DOCUMENTATION_COMMENTS = YES;
				CLANG_WARN_EMPTY_BODY = YES;
				CLANG_WARN_ENUM_CONVERSION = YES;
				CLANG_WARN_INFINITE_RECURSION = YES;
				CLANG_WARN_INT_CONVERSION = YES;
				CLANG_WARN_NON_LITERAL_NULL_CONVERSION = YES;
				CLANG_WARN_OBJC_IMPLICIT_RETAIN_SELF = YES;
				CLANG_WARN_OBJC_LITERAL_CONVERSION = YES;
				CLANG_WARN_OBJC_ROOT_CLASS = YES_ERROR;
				CLANG_WARN_QUOTED_INCLUDE_IN_FRAMEWORK_HEADER = YES;
				CLANG_WARN_RANGE_LOOP_ANALYSIS = YES;
				CLANG_WARN_STRICT_PROTOTYPES = YES;
				CLANG_WARN_SUSPICIOUS_MOVE = YES;
				CLANG_WARN_UNGUARDED_AVAILABILITY = YES_AGGRESSIVE;
				CLANG_WARN_UNREACHABLE_CODE = YES;
				CLANG_WARN__DUPLICATE_METHOD_MATCH = YES;
				COPY_PHASE_STRIP = NO;
				DEBUG_INFORMATION_FORMAT = dwarf;
				ENABLE_STRICT_OBJC_MSGSEND = YES;
				ENABLE_TESTABILITY = YES;
				ENABLE_USER_SCRIPT_SANDBOXING = YES;
				GCC_C_LANGUAGE_STANDARD = gnu17;
				GCC_DYNAMIC_NO_PIC = NO;
				GCC_NO_COMMON_BLOCKS = YES;
				GCC_OPTIMIZATION_LEVEL = 0;
				GCC_PREPROCESSOR_DEFINITIONS = (
					"DEBUG=1",
					"$(inherited)",
				);
				GCC_WARN_64_TO_32_BIT_CONVERSION = YES;
				GCC_WARN_ABOUT_RETURN_TYPE = YES_ERROR;
				GCC_WARN_UNDECLARED_SELECTOR = YES;
				GCC_WARN_UNINITIALIZED_AUTOS = YES_AGGRESSIVE;
				GCC_WARN_UNUSED_FUNCTION = YES;
				GCC_WARN_UNUSED_VARIABLE = YES;
				IPHONEOS_DEPLOYMENT_TARGET = 17.4;
				LOCALIZATION_PREFERS_STRING_CATALOGS = YES;
				MTL_ENABLE_DEBUG_INFO = INCLUDE_SOURCE;
				MTL_FAST_MATH = YES;
				ONLY_ACTIVE_ARCH = YES;
				SDKROOT = iphoneos;
				SWIFT_ACTIVE_COMPILATION_CONDITIONS = "DEBUG $(inherited)";
				SWIFT_OPTIMIZATION_LEVEL = "-Onone";
			};
			name = Debug;
		};
		6AE765632D9E3FD4007654B0 /* Release */ = {
			isa = XCBuildConfiguration;
			buildSettings = {
				ALWAYS_SEARCH_USER_PATHS = NO;
				ASSETCATALOG_COMPILER_GENERATE_SWIFT_ASSET_SYMBOL_EXTENSIONS = YES;
				CLANG_ANALYZER_NONNULL = YES;
				CLANG_ANALYZER_NUMBER_OBJECT_CONVERSION = YES_AGGRESSIVE;
				CLANG_CXX_LANGUAGE_STANDARD = "gnu++20";
				CLANG_ENABLE_MODULES = YES;
				CLANG_ENABLE_OBJC_ARC = YES;
				CLANG_ENABLE_OBJC_WEAK = YES;
				CLANG_WARN_BLOCK_CAPTURE_AUTORELEASING = YES;
				CLANG_WARN_BOOL_CONVERSION = YES;
				CLANG_WARN_COMMA = YES;
				CLANG_WARN_CONSTANT_CONVERSION = YES;
				CLANG_WARN_DEPRECATED_OBJC_IMPLEMENTATIONS = YES;
				CLANG_WARN_DIRECT_OBJC_ISA_USAGE = YES_ERROR;
				CLANG_WARN_DOCUMENTATION_COMMENTS = YES;
				CLANG_WARN_EMPTY_BODY = YES;
				CLANG_WARN_ENUM_CONVERSION = YES;
				CLANG_WARN_INFINITE_RECURSION = YES;
				CLANG_WARN_INT_CONVERSION = YES;
				CLANG_WARN_NON_LITERAL_NULL_CONVERSION = YES;
				CLANG_WARN_OBJC_IMPLICIT_RETAIN_SELF = YES;
				CLANG_WARN_OBJC_LITERAL_CONVERSION = YES;
				CLANG_WARN_OBJC_ROOT_CLASS = YES_ERROR;
				CLANG_WARN_QUOTED_INCLUDE_IN_FRAMEWORK_HEADER = YES;
				CLANG_WARN_RANGE_LOOP_ANALYSIS = YES;
				CLANG_WARN_STRICT_PROTOTYPES = YES;
				CLANG_WARN_SUSPICIOUS_MOVE = YES;
				CLANG_WARN_UNGUARDED_AVAILABILITY = YES_AGGRESSIVE;
				CLANG_WARN_UNREACHABLE_CODE = YES;
				CLANG_WARN__DUPLICATE_METHOD_MATCH = YES;
				COPY_PHASE_STRIP = NO;
				DEBUG_INFORMATION_FORMAT = "dwarf-with-dsym";
				ENABLE_NS_ASSERTIONS = NO;
				ENABLE_STRICT_OBJC_MSGSEND = YES;
				ENABLE_USER_SCRIPT_SANDBOXING = YES;
				GCC_C_LANGUAGE_STANDARD = gnu17;
				GCC_NO_COMMON_BLOCKS = YES;
				GCC_WARN_64_TO_32_BIT_CONVERSION = YES;
				GCC_WARN_ABOUT_RETURN_TYPE = YES_ERROR;
				GCC_WARN_UNDECLARED_SELECTOR = YES;
				GCC_WARN_UNINITIALIZED_AUTOS = YES_AGGRESSIVE;
				GCC_WARN_UNUSED_FUNCTION = YES;
				GCC_WARN_UNUSED_VARIABLE = YES;
				IPHONEOS_DEPLOYMENT_TARGET = 17.4;
				LOCALIZATION_PREFERS_STRING_CATALOGS = YES;
				MTL_ENABLE_DEBUG_INFO = NO;
				MTL_FAST_MATH = YES;
				SDKROOT = iphoneos;
				SWIFT_COMPILATION_MODE = wholemodule;
				VALIDATE_PRODUCT = YES;
			};
			name = Release;
		};
		6AE765652D9E3FD4007654B0 /* Debug */ = {
			isa = XCBuildConfiguration;
			buildSettings = {
				ASSETCATALOG_COMPILER_APPICON_NAME = AppIcon;
				ASSETCATALOG_COMPILER_GLOBAL_ACCENT_COLOR_NAME = AccentColor;
				CODE_SIGN_ENTITLEMENTS = DiffusionApp/DiffusionApp.entitlements;
				CODE_SIGN_STYLE = Automatic;
				CURRENT_PROJECT_VERSION = 1;
				DEVELOPMENT_ASSET_PATHS = "\"DiffusionApp/Preview Content\"";
				DEVELOPMENT_TEAM = Z893JWGS7C;
				ENABLE_PREVIEWS = YES;
				GENERATE_INFOPLIST_FILE = YES;
				INFOPLIST_KEY_NSPhotoLibraryAddUsageDescription = "To be able to save generated images to your Photo Library, you’ll need to allow this.";
				INFOPLIST_KEY_UIApplicationSceneManifest_Generation = YES;
				INFOPLIST_KEY_UIApplicationSupportsIndirectInputEvents = YES;
				INFOPLIST_KEY_UILaunchScreen_Generation = YES;
				INFOPLIST_KEY_UISupportedInterfaceOrientations_iPad = "UIInterfaceOrientationPortrait UIInterfaceOrientationPortraitUpsideDown UIInterfaceOrientationLandscapeLeft UIInterfaceOrientationLandscapeRight";
				INFOPLIST_KEY_UISupportedInterfaceOrientations_iPhone = "UIInterfaceOrientationPortrait UIInterfaceOrientationLandscapeLeft UIInterfaceOrientationLandscapeRight";
				IPHONEOS_DEPLOYMENT_TARGET = 16.2;
				LD_RUNPATH_SEARCH_PATHS = (
					"$(inherited)",
					"@executable_path/Frameworks",
				);
				MARKETING_VERSION = 1.0;
				PRODUCT_BUNDLE_IDENTIFIER = com.KyleJhong.DiffusionApp;
				PRODUCT_NAME = "$(TARGET_NAME)";
				SWIFT_EMIT_LOC_STRINGS = YES;
				SWIFT_VERSION = 5.0;
				TARGETED_DEVICE_FAMILY = "1,2";
			};
			name = Debug;
		};
		6AE765662D9E3FD4007654B0 /* Release */ = {
			isa = XCBuildConfiguration;
			buildSettings = {
				ASSETCATALOG_COMPILER_APPICON_NAME = AppIcon;
				ASSETCATALOG_COMPILER_GLOBAL_ACCENT_COLOR_NAME = AccentColor;
				CODE_SIGN_ENTITLEMENTS = DiffusionApp/DiffusionApp.entitlements;
				CODE_SIGN_STYLE = Automatic;
				CURRENT_PROJECT_VERSION = 1;
				DEVELOPMENT_ASSET_PATHS = "\"DiffusionApp/Preview Content\"";
				DEVELOPMENT_TEAM = Z893JWGS7C;
				ENABLE_PREVIEWS = YES;
				GENERATE_INFOPLIST_FILE = YES;
				INFOPLIST_KEY_NSPhotoLibraryAddUsageDescription = "To be able to save generated images to your Photo Library, you’ll need to allow this.";
				INFOPLIST_KEY_UIApplicationSceneManifest_Generation = YES;
				INFOPLIST_KEY_UIApplicationSupportsIndirectInputEvents = YES;
				INFOPLIST_KEY_UILaunchScreen_Generation = YES;
				INFOPLIST_KEY_UISupportedInterfaceOrientations_iPad = "UIInterfaceOrientationPortrait UIInterfaceOrientationPortraitUpsideDown UIInterfaceOrientationLandscapeLeft UIInterfaceOrientationLandscapeRight";
				INFOPLIST_KEY_UISupportedInterfaceOrientations_iPhone = "UIInterfaceOrientationPortrait UIInterfaceOrientationLandscapeLeft UIInterfaceOrientationLandscapeRight";
				IPHONEOS_DEPLOYMENT_TARGET = 16.2;
				LD_RUNPATH_SEARCH_PATHS = (
					"$(inherited)",
					"@executable_path/Frameworks",
				);
				MARKETING_VERSION = 1.0;
				PRODUCT_BUNDLE_IDENTIFIER = com.KyleJhong.DiffusionApp;
				PRODUCT_NAME = "$(TARGET_NAME)";
				SWIFT_EMIT_LOC_STRINGS = YES;
				SWIFT_VERSION = 5.0;
				TARGETED_DEVICE_FAMILY = "1,2";
			};
			name = Release;
		};
		6AE765682D9E3FD4007654B0 /* Debug */ = {
			isa = XCBuildConfiguration;
			buildSettings = {
				ALWAYS_EMBED_SWIFT_STANDARD_LIBRARIES = YES;
				BUNDLE_LOADER = "$(TEST_HOST)";
				CODE_SIGN_STYLE = Automatic;
				CURRENT_PROJECT_VERSION = 1;
				DEVELOPMENT_TEAM = Z893JWGS7C;
				GENERATE_INFOPLIST_FILE = YES;
				IPHONEOS_DEPLOYMENT_TARGET = 17.4;
				MARKETING_VERSION = 1.0;
				PRODUCT_BUNDLE_IDENTIFIER = com.KyleJhong.DiffusionAppTests;
				PRODUCT_NAME = "$(TARGET_NAME)";
				SWIFT_EMIT_LOC_STRINGS = NO;
				SWIFT_VERSION = 5.0;
				TARGETED_DEVICE_FAMILY = "1,2";
				TEST_HOST = "$(BUILT_PRODUCTS_DIR)/DiffusionApp.app/$(BUNDLE_EXECUTABLE_FOLDER_PATH)/DiffusionApp";
			};
			name = Debug;
		};
		6AE765692D9E3FD4007654B0 /* Release */ = {
			isa = XCBuildConfiguration;
			buildSettings = {
				ALWAYS_EMBED_SWIFT_STANDARD_LIBRARIES = YES;
				BUNDLE_LOADER = "$(TEST_HOST)";
				CODE_SIGN_STYLE = Automatic;
				CURRENT_PROJECT_VERSION = 1;
				DEVELOPMENT_TEAM = Z893JWGS7C;
				GENERATE_INFOPLIST_FILE = YES;
				IPHONEOS_DEPLOYMENT_TARGET = 17.4;
				MARKETING_VERSION = 1.0;
				PRODUCT_BUNDLE_IDENTIFIER = com.KyleJhong.DiffusionAppTests;
				PRODUCT_NAME = "$(TARGET_NAME)";
				SWIFT_EMIT_LOC_STRINGS = NO;
				SWIFT_VERSION = 5.0;
				TARGETED_DEVICE_FAMILY = "1,2";
				TEST_HOST = "$(BUILT_PRODUCTS_DIR)/DiffusionApp.app/$(BUNDLE_EXECUTABLE_FOLDER_PATH)/DiffusionApp";
			};
			name = Release;
		};
		6AE7656B2D9E3FD4007654B0 /* Debug */ = {
			isa = XCBuildConfiguration;
			buildSettings = {
				ALWAYS_EMBED_SWIFT_STANDARD_LIBRARIES = YES;
				CODE_SIGN_STYLE = Automatic;
				CURRENT_PROJECT_VERSION = 1;
				DEVELOPMENT_TEAM = Z893JWGS7C;
				GENERATE_INFOPLIST_FILE = YES;
				MARKETING_VERSION = 1.0;
				PRODUCT_BUNDLE_IDENTIFIER = com.KyleJhong.DiffusionAppUITests;
				PRODUCT_NAME = "$(TARGET_NAME)";
				SWIFT_EMIT_LOC_STRINGS = NO;
				SWIFT_VERSION = 5.0;
				TARGETED_DEVICE_FAMILY = "1,2";
				TEST_TARGET_NAME = DiffusionApp;
			};
			name = Debug;
		};
		6AE7656C2D9E3FD4007654B0 /* Release */ = {
			isa = XCBuildConfiguration;
			buildSettings = {
				ALWAYS_EMBED_SWIFT_STANDARD_LIBRARIES = YES;
				CODE_SIGN_STYLE = Automatic;
				CURRENT_PROJECT_VERSION = 1;
				DEVELOPMENT_TEAM = Z893JWGS7C;
				GENERATE_INFOPLIST_FILE = YES;
				MARKETING_VERSION = 1.0;
				PRODUCT_BUNDLE_IDENTIFIER = com.KyleJhong.DiffusionAppUITests;
				PRODUCT_NAME = "$(TARGET_NAME)";
				SWIFT_EMIT_LOC_STRINGS = NO;
				SWIFT_VERSION = 5.0;
				TARGETED_DEVICE_FAMILY = "1,2";
				TEST_TARGET_NAME = DiffusionApp;
			};
			name = Release;
		};
/* End XCBuildConfiguration section */

/* Begin XCConfigurationList section */
		6AE7653B2D9E3FD2007654B0 /* Build configuration list for PBXProject "DiffusionApp" */ = {
			isa = XCConfigurationList;
			buildConfigurations = (
				6AE765622D9E3FD4007654B0 /* Debug */,
				6AE765632D9E3FD4007654B0 /* Release */,
			);
			defaultConfigurationIsVisible = 0;
			defaultConfigurationName = Release;
		};
		6AE765642D9E3FD4007654B0 /* Build configuration list for PBXNativeTarget "DiffusionApp" */ = {
			isa = XCConfigurationList;
			buildConfigurations = (
				6AE765652D9E3FD4007654B0 /* Debug */,
				6AE765662D9E3FD4007654B0 /* Release */,
			);
			defaultConfigurationIsVisible = 0;
			defaultConfigurationName = Release;
		};
		6AE765672D9E3FD4007654B0 /* Build configuration list for PBXNativeTarget "DiffusionAppTests" */ = {
			isa = XCConfigurationList;
			buildConfigurations = (
				6AE765682D9E3FD4007654B0 /* Debug */,
				6AE765692D9E3FD4007654B0 /* Release */,
			);
			defaultConfigurationIsVisible = 0;
			defaultConfigurationName = Release;
		};
		6AE7656A2D9E3FD4007654B0 /* Build configuration list for PBXNativeTarget "DiffusionAppUITests" */ = {
			isa = XCConfigurationList;
			buildConfigurations = (
				6AE7656B2D9E3FD4007654B0 /* Debug */,
				6AE7656C2D9E3FD4007654B0 /* Release */,
			);
			defaultConfigurationIsVisible = 0;
			defaultConfigurationName = Release;
		};
/* End XCConfigurationList section */

/* Begin XCRemoteSwiftPackageReference section */
		6AE7658F2D9E4B47007654B0 /* XCRemoteSwiftPackageReference "ZIPFoundation" */ = {
			isa = XCRemoteSwiftPackageReference;
			repositoryURL = "https://github.com/weichsel/ZIPFoundation.git";
			requirement = {
				kind = upToNextMajorVersion;
				minimumVersion = 0.9.19;
			};
		};
		6AE765942D9E53FD007654B0 /* XCRemoteSwiftPackageReference "ml-stable-diffusion" */ = {
			isa = XCRemoteSwiftPackageReference;
			repositoryURL = "https://github.com/argmaxinc/ml-stable-diffusion.git";
			requirement = {
				branch = main;
				kind = branch;
			};
		};
/* End XCRemoteSwiftPackageReference section */

/* Begin XCSwiftPackageProductDependency section */
		6AE765902D9E4B47007654B0 /* ZIPFoundation */ = {
			isa = XCSwiftPackageProductDependency;
			package = 6AE7658F2D9E4B47007654B0 /* XCRemoteSwiftPackageReference "ZIPFoundation" */;
			productName = ZIPFoundation;
		};
		6AE765952D9E53FD007654B0 /* StableDiffusion */ = {
			isa = XCSwiftPackageProductDependency;
			package = 6AE765942D9E53FD007654B0 /* XCRemoteSwiftPackageReference "ml-stable-diffusion" */;
			productName = StableDiffusion;
		};
/* End XCSwiftPackageProductDependency section */
	};
	rootObject = 6AE765382D9E3FD2007654B0 /* Project object */;
}
